<?xml version="1.0" encoding="utf-8"?>
<Project ToolsVersion="4.0" xmlns="http://schemas.microsoft.com/developer/msbuild/2003">
  <ItemGroup>
    <Filter Include="Исходные файлы">
      <UniqueIdentifier>{4FC737F1-C7A5-4376-A066-2A32D752A2FF}</UniqueIdentifier>
      <Extensions>cpp;c;cc;cxx;c++;cppm;ixx;def;odl;idl;hpj;bat;asm;asmx</Extensions>
    </Filter>
    <Filter Include="Файлы заголовков">
      <UniqueIdentifier>{93995380-89BD-4b04-88EB-625FBE52EBFB}</UniqueIdentifier>
      <Extensions>h;hh;hpp;hxx;h++;hm;inl;inc;ipp;xsd</Extensions>
    </Filter>
    <Filter Include="Файлы ресурсов">
      <UniqueIdentifier>{67DA6AB6-F800-4c08-8B7A-83BB121AAD01}</UniqueIdentifier>
      <Extensions>rc;ico;cur;bmp;dlg;rc2;rct;bin;rgs;gif;jpg;jpeg;jpe;resx;tiff;tif;png;wav;mfcribbon-ms</Extensions>
    </Filter>
  </ItemGroup>
  <ItemGroup>
    <ClCompile Include="Commune.cpp">
      <Filter>Исходные файлы</Filter>
    </ClCompile>
    <ClCompile Include="Source\Disciples\Game\Location.cpp">
      <Filter>Исходные файлы</Filter>
    </ClCompile>
    <ClCompile Include="Source\Disciples\Game\Tile.cpp">
      <Filter>Исходные файлы</Filter>
    </ClCompile>
    <ClCompile Include="Source\Disciples\Gameplay\Immunity.cpp">
      <Filter>Исходные файлы</Filter>
    </ClCompile>
    <ClCompile Include="Source\Disciples\Gameplay\Race.cpp">
      <Filter>Исходные файлы</Filter>
    </ClCompile>
    <ClCompile Include="Source\Disciples\Gameplay\Stat.cpp">
      <Filter>Исходные файлы</Filter>
    </ClCompile>
    <ClCompile Include="Source\Disciples\Game\Unit.cpp">
      <Filter>Исходные файлы</Filter>
    </ClCompile>
    <ClCompile Include="Source\Disciples\Gameplay\Ward.cpp">
      <Filter>Исходные файлы</Filter>
    </ClCompile>
    <ClCompile Include="Source\Engine\Common\XmlFile.cpp">
      <Filter>Исходные файлы</Filter>
    </ClCompile>
    <ClCompile Include="Source\Engine\Common\XmlReader.cpp">
      <Filter>Исходные файлы</Filter>
    </ClCompile>
    <ClCompile Include="Source\Engine\Common\XmlWriter.cpp">
      <Filter>Исходные файлы</Filter>
    </ClCompile>
    <ClCompile Include="Source\Engine\Managers\ImageManager.cpp">
      <Filter>Исходные файлы</Filter>
    </ClCompile>
    <ClCompile Include="Source\Engine\Managers\Manager.cpp">
      <Filter>Исходные файлы</Filter>
    </ClCompile>
    <ClCompile Include="Source\Engine\Managers\XmlManager.cpp">
      <Filter>Исходные файлы</Filter>
    </ClCompile>
    <ClCompile Include="Source\Engine\Managers\FontManager.cpp">
      <Filter>Исходные файлы</Filter>
    </ClCompile>
    <ClCompile Include="Source\Engine\Managers\TextManager.cpp">
      <Filter>Исходные файлы</Filter>
    </ClCompile>
    <ClCompile Include="Source\Engine\Managers\LanguageManager.cpp">
      <Filter>Исходные файлы</Filter>
    </ClCompile>
    <ClCompile Include="Source\Disciples\Execute.cpp">
      <Filter>Исходные файлы</Filter>
    </ClCompile>
    <ClCompile Include="Source\Arcanum\Execute.cpp">
      <Filter>Исходные файлы</Filter>
    </ClCompile>
    <ClCompile Include="Source\Engine\Graphics\Canvas.cpp">
      <Filter>Исходные файлы</Filter>
    </ClCompile>
    <ClCompile Include="Source\Engine\Graphics\Color.cpp">
      <Filter>Исходные файлы</Filter>
    </ClCompile>
    <ClCompile Include="Source\Engine\Graphics\Font.cpp">
      <Filter>Исходные файлы</Filter>
    </ClCompile>
    <ClCompile Include="Source\Engine\Graphics\Image.cpp">
      <Filter>Исходные файлы</Filter>
    </ClCompile>
    <ClCompile Include="Source\Engine\Graphics\Point.cpp">
      <Filter>Исходные файлы</Filter>
    </ClCompile>
    <ClCompile Include="Source\Engine\Graphics\Rect.cpp">
      <Filter>Исходные файлы</Filter>
    </ClCompile>
    <ClCompile Include="Source\Engine\Graphics\Text.cpp">
      <Filter>Исходные файлы</Filter>
    </ClCompile>
    <ClCompile Include="Source\Disciples\Formats\FfReader.cpp">
      <Filter>Исходные файлы</Filter>
    </ClCompile>
    <ClCompile Include="Source\Engine\Graphics\Camera.cpp">
      <Filter>Исходные файлы</Filter>
    </ClCompile>
    <ClCompile Include="Source\Arcanum\Game\Tile.cpp">
      <Filter>Исходные файлы</Filter>
    </ClCompile>
    <ClCompile Include="Source\Engine\Graphics\Animation.cpp">
      <Filter>Исходные файлы</Filter>
    </ClCompile>
    <ClCompile Include="Source\Engine\GUI\Widget.cpp">
      <Filter>Исходные файлы</Filter>
    </ClCompile>
    <ClCompile Include="Source\Engine\GUI\Factory.cpp">
      <Filter>Исходные файлы</Filter>
    </ClCompile>
    <ClCompile Include="Source\Engine\GUI\Form.cpp">
      <Filter>Исходные файлы</Filter>
    </ClCompile>
    <ClCompile Include="Source\Engine\GUI\Button.cpp">
      <Filter>Исходные файлы</Filter>
    </ClCompile>
    <ClCompile Include="Source\Engine\GUI\Label.cpp">
      <Filter>Исходные файлы</Filter>
    </ClCompile>
    <ClCompile Include="Source\Engine\GUI\Application.cpp">
      <Filter>Исходные файлы</Filter>
    </ClCompile>
    <ClCompile Include="Source\Disciples\UI\MainMenu.cpp">
      <Filter>Исходные файлы</Filter>
    </ClCompile>
    <ClCompile Include="Source\Disciples\UI\UI.cpp">
      <Filter>Исходные файлы</Filter>
    </ClCompile>
    <ClCompile Include="Source\Disciples\UI\Editor.cpp">
      <Filter>Исходные файлы</Filter>
    </ClCompile>
    <ClCompile Include="Source\Engine\GUI\Window.cpp">
      <Filter>Исходные файлы</Filter>
    </ClCompile>
    <ClCompile Include="Source\Disciples\UI\Settings.cpp">
      <Filter>Исходные файлы</Filter>
    </ClCompile>
    <ClCompile Include="Source\Disciples\Game\Settings.cpp">
      <Filter>Исходные файлы</Filter>
    </ClCompile>
    <ClCompile Include="Source\Disciples\Game\Leader.cpp">
      <Filter>Исходные файлы</Filter>
    </ClCompile>
    <ClCompile Include="Source\Disciples\Gameplay\StatValue.cpp">
      <Filter>Исходные файлы</Filter>
    </ClCompile>
    <ClCompile Include="Source\Disciples\Tests\StatValue.cpp">
      <Filter>Исходные файлы</Filter>
    </ClCompile>
    <ClCompile Include="Source\Disciples\Tests\Stat.cpp">
      <Filter>Исходные файлы</Filter>
    </ClCompile>
    <ClCompile Include="Source\Disciples\Tests\All.cpp">
      <Filter>Исходные файлы</Filter>
    </ClCompile>
    <ClCompile Include="Source\Disciples\Gameplay\Attack.cpp">
      <Filter>Исходные файлы</Filter>
    </ClCompile>
    <ClCompile Include="Source\Disciples\Gameplay\Source.cpp">
      <Filter>Исходные файлы</Filter>
    </ClCompile>
    <ClCompile Include="Source\Disciples\Gameplay\AttackValue.cpp">
      <Filter>Исходные файлы</Filter>
    </ClCompile>
    <ClCompile Include="Source\Engine\GUI\Picture.cpp">
      <Filter>Исходные файлы</Filter>
    </ClCompile>
    <ClCompile Include="Source\Fallout\Execute.cpp">
      <Filter>Исходные файлы</Filter>
    </ClCompile>
    <ClCompile Include="Source\Fallout\Game\Settings.cpp">
      <Filter>Исходные файлы</Filter>
    </ClCompile>
    <ClCompile Include="Source\Fallout\UI\UI.cpp">
      <Filter>Исходные файлы</Filter>
    </ClCompile>
    <ClCompile Include="Source\Fallout\Formats\MsgReader.cpp">
      <Filter>Исходные файлы</Filter>
    </ClCompile>
    <ClCompile Include="Source\Engine\Common\Isometric.cpp">
      <Filter>Исходные файлы</Filter>
    </ClCompile>
    <ClCompile Include="Source\Fallout\Game\Location.cpp">
      <Filter>Исходные файлы</Filter>
    </ClCompile>
    <ClCompile Include="Source\Fallout\Game\Tile.cpp">
      <Filter>Исходные файлы</Filter>
    </ClCompile>
    <ClCompile Include="Source\Fallout\Game\Hex.cpp">
      <Filter>Исходные файлы</Filter>
    </ClCompile>
    <ClCompile Include="Source\Fallout\Game\Script.cpp">
      <Filter>Исходные файлы</Filter>
    </ClCompile>
    <ClCompile Include="Source\Fallout\UI\MainMenu.cpp">
      <Filter>Исходные файлы</Filter>
    </ClCompile>
    <ClCompile Include="Source\Fallout\Gameplay\Stat.cpp">
      <Filter>Исходные файлы</Filter>
    </ClCompile>
    <ClCompile Include="Source\Fallout\Managers\ProtoManager.cpp">
      <Filter>Исходные файлы</Filter>
    </ClCompile>
    <ClCompile Include="Source\Fallout\Managers\ScriptManager.cpp">
      <Filter>Исходные файлы</Filter>
    </ClCompile>
    <ClCompile Include="Source\Fallout\Game\ScriptCritter.cpp">
      <Filter>Исходные файлы</Filter>
    </ClCompile>
    <ClCompile Include="Source\Fallout\Game\Critter.cpp">
      <Filter>Исходные файлы</Filter>
    </ClCompile>
    <ClCompile Include="Source\Fallout\Scripts\Tester.cpp">
      <Filter>Исходные файлы</Filter>
    </ClCompile>
    <ClCompile Include="Source\Fallout\Managers\ObjectManager.cpp">
      <Filter>Исходные файлы</Filter>
    </ClCompile>
    <ClCompile Include="Source\Engine\Common\ByteReader.cpp">
      <Filter>Исходные файлы</Filter>
    </ClCompile>
    <ClCompile Include="Source\Fallout\Formats\FrmReader.cpp">
      <Filter>Исходные файлы</Filter>
    </ClCompile>
    <ClCompile Include="Source\Fallout\UI\Editor.cpp">
      <Filter>Исходные файлы</Filter>
    </ClCompile>
    <ClCompile Include="Source\Fallout\Formats\Sprite.cpp">
      <Filter>Исходные файлы</Filter>
    </ClCompile>
    <ClCompile Include="Source\Fallout\Managers\SpriteManager.cpp">
      <Filter>Исходные файлы</Filter>
    </ClCompile>
    <ClCompile Include="Source\Fallout\Managers\LanguageManager.cpp">
      <Filter>Исходные файлы</Filter>
    </ClCompile>
    <ClCompile Include="Source\Fallout\Gameplay\StatValue.cpp">
      <Filter>Исходные файлы</Filter>
    </ClCompile>
    <ClCompile Include="Source\Fallout\Utils\Text.cpp">
      <Filter>Исходные файлы</Filter>
    </ClCompile>
    <ClCompile Include="Source\Fallout\Tests\StatValue.cpp">
      <Filter>Исходные файлы</Filter>
    </ClCompile>
    <ClCompile Include="Source\Fallout\Tests\All.cpp">
      <Filter>Исходные файлы</Filter>
    </ClCompile>
    <ClCompile Include="Source\Fallout\Tests\ProtoManager.cpp">
      <Filter>Исходные файлы</Filter>
    </ClCompile>
    <ClCompile Include="Source\Engine\Allocators\LinearAllocator.cpp">
      <Filter>Исходные файлы</Filter>
    </ClCompile>
    <ClCompile Include="Source\Fallout\Managers\MsgManager.cpp">
      <Filter>Исходные файлы</Filter>
    </ClCompile>
    <ClCompile Include="Source\Fallout\Formats\MsgFile.cpp">
      <Filter>Исходные файлы</Filter>
    </ClCompile>
    <ClCompile Include="Source\Fallout\Tests\MsgReader.cpp">
      <Filter>Исходные файлы</Filter>
    </ClCompile>
    <ClCompile Include="Source\Fallout\UI\Dialog.cpp">
      <Filter>Исходные файлы</Filter>
    </ClCompile>
    <ClCompile Include="Source\Fallout\Game\Scenery.cpp">
      <Filter>Исходные файлы</Filter>
    </ClCompile>
    <ClCompile Include="Source\Fallout\Game\Wall.cpp">
      <Filter>Исходные файлы</Filter>
    </ClCompile>
  </ItemGroup>
  <ItemGroup>
    <ClInclude Include="Source\Disciples\Game\Location.h">
      <Filter>Файлы заголовков</Filter>
    </ClInclude>
    <ClInclude Include="Source\Disciples\Game\Tile.h">
      <Filter>Файлы заголовков</Filter>
    </ClInclude>
    <ClInclude Include="Source\Disciples\Gameplay\Immunity.h">
      <Filter>Файлы заголовков</Filter>
    </ClInclude>
    <ClInclude Include="Source\Disciples\Gameplay\Race.h">
      <Filter>Файлы заголовков</Filter>
    </ClInclude>
    <ClInclude Include="Source\Disciples\Gameplay\Stat.h">
      <Filter>Файлы заголовков</Filter>
    </ClInclude>
    <ClInclude Include="Source\Disciples\Game\Unit.h">
      <Filter>Файлы заголовков</Filter>
    </ClInclude>
    <ClInclude Include="Source\Disciples\Gameplay\Ward.h">
      <Filter>Файлы заголовков</Filter>
    </ClInclude>
    <ClInclude Include="Source\Engine\Common\XmlFile.hpp">
      <Filter>Файлы заголовков</Filter>
    </ClInclude>
    <ClInclude Include="Source\Engine\Common\XmlReader.hpp">
      <Filter>Файлы заголовков</Filter>
    </ClInclude>
    <ClInclude Include="Source\Engine\Common\XmlWriter.hpp">
      <Filter>Файлы заголовков</Filter>
    </ClInclude>
    <ClInclude Include="Source\Engine\Managers\ImageManager.h">
      <Filter>Файлы заголовков</Filter>
    </ClInclude>
    <ClInclude Include="Source\Engine\Managers\Manager.h">
      <Filter>Файлы заголовков</Filter>
    </ClInclude>
    <ClInclude Include="Source\Engine\Managers\XmlManager.h">
      <Filter>Файлы заголовков</Filter>
    </ClInclude>
    <ClInclude Include="Source\Engine\Managers\FontManager.h">
      <Filter>Файлы заголовков</Filter>
    </ClInclude>
    <ClInclude Include="Source\Engine\Managers\TextManager.h">
      <Filter>Файлы заголовков</Filter>
    </ClInclude>
    <ClInclude Include="Source\Engine\Managers\LanguageManager.h">
      <Filter>Файлы заголовков</Filter>
    </ClInclude>
    <ClInclude Include="Source\Disciples\Execute.h">
      <Filter>Файлы заголовков</Filter>
    </ClInclude>
    <ClInclude Include="Source\Arcanum\Execute.h">
      <Filter>Файлы заголовков</Filter>
    </ClInclude>
    <ClInclude Include="Source\Engine\Graphics\Canvas.h">
      <Filter>Файлы заголовков</Filter>
    </ClInclude>
    <ClInclude Include="Source\Engine\Graphics\Color.h">
      <Filter>Файлы заголовков</Filter>
    </ClInclude>
    <ClInclude Include="Source\Engine\Graphics\Font.h">
      <Filter>Файлы заголовков</Filter>
    </ClInclude>
    <ClInclude Include="Source\Engine\Graphics\Image.h">
      <Filter>Файлы заголовков</Filter>
    </ClInclude>
    <ClInclude Include="Source\Engine\Graphics\Point.h">
      <Filter>Файлы заголовков</Filter>
    </ClInclude>
    <ClInclude Include="Source\Engine\Graphics\Rect.h">
      <Filter>Файлы заголовков</Filter>
    </ClInclude>
    <ClInclude Include="Source\Engine\Graphics\Text.h">
      <Filter>Файлы заголовков</Filter>
    </ClInclude>
    <ClInclude Include="Source\Disciples\Formats\FfReader.h">
      <Filter>Файлы заголовков</Filter>
    </ClInclude>
    <ClInclude Include="Source\Engine\Graphics\Camera.h">
      <Filter>Файлы заголовков</Filter>
    </ClInclude>
    <ClInclude Include="Source\Arcanum\Game\Tile.h">
      <Filter>Файлы заголовков</Filter>
    </ClInclude>
    <ClInclude Include="Source\Engine\Graphics\Animation.h">
      <Filter>Файлы заголовков</Filter>
    </ClInclude>
    <ClInclude Include="Source\Engine\GUI\Widget.h">
      <Filter>Файлы заголовков</Filter>
    </ClInclude>
    <ClInclude Include="Source\Engine\GUI\Factory.h">
      <Filter>Файлы заголовков</Filter>
    </ClInclude>
    <ClInclude Include="Source\Engine\GUI\Form.h">
      <Filter>Файлы заголовков</Filter>
    </ClInclude>
    <ClInclude Include="Source\Engine\GUI\Button.h">
      <Filter>Файлы заголовков</Filter>
    </ClInclude>
    <ClInclude Include="Source\Engine\GUI\Label.h">
      <Filter>Файлы заголовков</Filter>
    </ClInclude>
    <ClInclude Include="Source\Engine\GUI\Application.h">
      <Filter>Файлы заголовков</Filter>
    </ClInclude>
    <ClInclude Include="Source\Disciples\UI\MainMenu.h">
      <Filter>Файлы заголовков</Filter>
    </ClInclude>
    <ClInclude Include="Source\Disciples\UI\UI.h">
      <Filter>Файлы заголовков</Filter>
    </ClInclude>
    <ClInclude Include="Source\Disciples\UI\Editor.h">
      <Filter>Файлы заголовков</Filter>
    </ClInclude>
    <ClInclude Include="Source\Engine\GUI\Window.h">
      <Filter>Файлы заголовков</Filter>
    </ClInclude>
    <ClInclude Include="Source\Disciples\UI\Settings.h">
      <Filter>Файлы заголовков</Filter>
    </ClInclude>
    <ClInclude Include="Source\Disciples\Game\Settings.h">
      <Filter>Файлы заголовков</Filter>
    </ClInclude>
    <ClInclude Include="Source\Disciples\Game\Leader.h">
      <Filter>Файлы заголовков</Filter>
    </ClInclude>
    <ClInclude Include="Source\Disciples\Gameplay\StatValue.h">
      <Filter>Файлы заголовков</Filter>
    </ClInclude>
    <ClInclude Include="Source\Disciples\Tests\StatValue.h">
      <Filter>Файлы заголовков</Filter>
    </ClInclude>
    <ClInclude Include="Source\Disciples\Tests\Stat.h">
      <Filter>Файлы заголовков</Filter>
    </ClInclude>
    <ClInclude Include="Source\Disciples\Tests\All.h">
      <Filter>Файлы заголовков</Filter>
    </ClInclude>
    <ClInclude Include="Source\Disciples\Gameplay\Attack.h">
      <Filter>Файлы заголовков</Filter>
    </ClInclude>
    <ClInclude Include="Source\Disciples\Gameplay\Source.h">
      <Filter>Файлы заголовков</Filter>
    </ClInclude>
    <ClInclude Include="Source\Disciples\Gameplay\AttackValue.h">
      <Filter>Файлы заголовков</Filter>
    </ClInclude>
    <ClInclude Include="Source\Engine\GUI\Picture.h">
      <Filter>Файлы заголовков</Filter>
    </ClInclude>
    <ClInclude Include="Source\Fallout\Execute.h">
      <Filter>Файлы заголовков</Filter>
    </ClInclude>
    <ClInclude Include="Source\Fallout\Game\Settings.h">
      <Filter>Файлы заголовков</Filter>
    </ClInclude>
    <ClInclude Include="Source\Fallout\UI\UI.h">
      <Filter>Файлы заголовков</Filter>
    </ClInclude>
    <ClInclude Include="Source\Fallout\Formats\MsgReader.h">
      <Filter>Файлы заголовков</Filter>
    </ClInclude>
    <ClInclude Include="Source\Engine\Common\Isometric.h">
      <Filter>Файлы заголовков</Filter>
    </ClInclude>
    <ClInclude Include="Source\Fallout\Game\Location.h">
      <Filter>Файлы заголовков</Filter>
    </ClInclude>
    <ClInclude Include="Source\Fallout\Game\Tile.h">
      <Filter>Файлы заголовков</Filter>
    </ClInclude>
    <ClInclude Include="Source\Fallout\Game\Hex.h">
      <Filter>Файлы заголовков</Filter>
    </ClInclude>
    <ClInclude Include="Source\Fallout\Game\Script.h">
      <Filter>Файлы заголовков</Filter>
    </ClInclude>
    <ClInclude Include="Source\Fallout\UI\MainMenu.h">
      <Filter>Файлы заголовков</Filter>
    </ClInclude>
    <ClInclude Include="Source\Fallout\Gameplay\Stat.h">
      <Filter>Файлы заголовков</Filter>
    </ClInclude>
    <ClInclude Include="Source\Fallout\Managers\ProtoManager.h">
      <Filter>Файлы заголовков</Filter>
    </ClInclude>
    <ClInclude Include="Source\Fallout\Managers\ScriptManager.h">
      <Filter>Файлы заголовков</Filter>
    </ClInclude>
    <ClInclude Include="Source\Fallout\Game\ScriptCritter.h">
      <Filter>Файлы заголовков</Filter>
    </ClInclude>
    <ClInclude Include="Source\Fallout\Game\Critter.h">
      <Filter>Файлы заголовков</Filter>
    </ClInclude>
    <ClInclude Include="Source\Fallout\Scripts\Tester.h">
      <Filter>Файлы заголовков</Filter>
    </ClInclude>
    <ClInclude Include="Source\Fallout\Managers\ObjectManager.h">
      <Filter>Файлы заголовков</Filter>
    </ClInclude>
    <ClInclude Include="Source\Engine\Common\ByteReader.hpp">
      <Filter>Файлы заголовков</Filter>
    </ClInclude>
    <ClInclude Include="Source\Fallout\Formats\FrmReader.h">
      <Filter>Файлы заголовков</Filter>
    </ClInclude>
    <ClInclude Include="Source\Fallout\UI\Editor.h">
      <Filter>Файлы заголовков</Filter>
    </ClInclude>
    <ClInclude Include="Source\Fallout\Formats\Sprite.h">
      <Filter>Файлы заголовков</Filter>
    </ClInclude>
    <ClInclude Include="Source\Fallout\Managers\SpriteManager.h">
      <Filter>Файлы заголовков</Filter>
    </ClInclude>
    <ClInclude Include="Source\Fallout\Managers\LanguageManager.h">
      <Filter>Файлы заголовков</Filter>
    </ClInclude>
    <ClInclude Include="Source\Fallout\Gameplay\StatValue.h">
      <Filter>Файлы заголовков</Filter>
    </ClInclude>
    <ClInclude Include="Source\Fallout\Utils\Text.h">
      <Filter>Файлы заголовков</Filter>
    </ClInclude>
    <ClInclude Include="Source\Fallout\Tests\StatValue.h">
      <Filter>Файлы заголовков</Filter>
    </ClInclude>
    <ClInclude Include="Source\Fallout\Tests\All.h">
      <Filter>Файлы заголовков</Filter>
    </ClInclude>
    <ClInclude Include="Source\Fallout\Tests\ProtoManager.h">
      <Filter>Файлы заголовков</Filter>
    </ClInclude>
    <ClInclude Include="Source\Engine\Allocators\Allocator.h">
      <Filter>Файлы заголовков</Filter>
    </ClInclude>
    <ClInclude Include="Source\Engine\Allocators\LinearAllocator.h">
      <Filter>Файлы заголовков</Filter>
    </ClInclude>
    <ClInclude Include="Source\Fallout\Allocators\System.h">
      <Filter>Файлы заголовков</Filter>
    </ClInclude>
    <ClInclude Include="Source\Fallout\Allocators\General.h">
      <Filter>Файлы заголовков</Filter>
    </ClInclude>
    <ClInclude Include="Source\Fallout\Managers\MsgManager.h">
      <Filter>Файлы заголовков</Filter>
    </ClInclude>
    <ClInclude Include="Source\Fallout\Formats\MsgFile.h">
      <Filter>Файлы заголовков</Filter>
    </ClInclude>
    <ClInclude Include="Source\Fallout\Tests\MsgReader.h">
      <Filter>Файлы заголовков</Filter>
    </ClInclude>
    <ClInclude Include="Source\Fallout\UI\Dialog.h">
      <Filter>Файлы заголовков</Filter>
    </ClInclude>
    <ClInclude Include="Source\Fallout\Game\Limits.h">
      <Filter>Файлы заголовков</Filter>
    </ClInclude>
    <ClInclude Include="Source\Fallout\Game\Scenery.h">
      <Filter>Файлы заголовков</Filter>
    </ClInclude>
    <ClInclude Include="Source\Fallout\Game\Wall.h">
      <Filter>Файлы заголовков</Filter>
    </ClInclude>
  </ItemGroup>
  <ItemGroup>
    <None Include="libfreetype-6.dll" />
    <None Include="libjpeg-9.dll" />
    <None Include="libpng16-16.dll" />
    <None Include="libtiff-5.dll" />
    <None Include="libwebp-7.dll" />
    <None Include="SDL2.dll" />
    <None Include="SDL2_image.dll" />
    <None Include="SDL2_ttf.dll" />
    <None Include="zlib1.dll" />
    <None Include="Commune.exe" />
    <None Include="Fallout.bat">
      <Filter>Исходные файлы</Filter>
    </None>
    <None Include="Disciples.bat">
      <Filter>Исходные файлы</Filter>
    </None>
    <None Include="Disciples\Text\Game.English" />
    <None Include="Disciples\Text\Game.Russian" />
    <None Include="Fallout\Text\Game.English" />
    <None Include="Fallout\Text\Game.Russian" />
    <None Include="Fallout\Art\Critters\HANPWRAA.FRM" />
  </ItemGroup>
  <ItemGroup>
    <Xml Include="Disciples.xml" />
    <Xml Include="Disciples\Prototypes\Units\Test.xml" />
    <Xml Include="Fallout.xml" />
    <Xml Include="Fallout\Prototypes\Critters\Jack.xml" />
    <Xml Include="Fallout\Prototypes\Critters\Parents\Human.xml" />
  </ItemGroup>
  <ItemGroup>
    <Font Include="Fallout\Fonts\Crosterian.ttf" />
    <Font Include="Disciples\Fonts\Crosterian.ttf" />
  </ItemGroup>
</Project>